{
  "version": 4,
  "terraform_version": "1.10.5",
  "serial": 8,
  "lineage": "42b7aae5-78cc-6176-052d-44c2d62f9cdd",
  "outputs": {
    "URL": {
      "value": "a1fbe6e429a754f0aa475f080678c88e-386878147.us-east-1.elb.amazonaws.com",
      "type": "string"
    }
  },
  "resources": [
    {
      "mode": "data",
      "type": "aws_eks_cluster",
      "name": "default",
      "provider": "provider[\"registry.terraform.io/hashicorp/aws\"]",
      "instances": [
        {
          "schema_version": 0,
          "attributes": {
            "access_config": [
              {
                "authentication_mode": "CONFIG_MAP",
                "bootstrap_cluster_creator_admin_permissions": true
              }
            ],
            "arn": "arn:aws:eks:us-east-1:717279688908:cluster/restaurante-cluster2",
            "certificate_authority": [
              {
                "data": "LS0tLS1CRUdJTiBDRVJUSUZJQ0FURS0tLS0tCk1JSURCVENDQWUyZ0F3SUJBZ0lJQzEyOExYTW5wRkV3RFFZSktvWklodmNOQVFFTEJRQXdGVEVUTUJFR0ExVUUKQXhNS2EzVmlaWEp1WlhSbGN6QWVGdzB5TlRBeU1UTXlNVEV6TlRkYUZ3MHpOVEF5TVRFeU1URTROVGRhTUJVeApFekFSQmdOVkJBTVRDbXQxWW1WeWJtVjBaWE13Z2dFaU1BMEdDU3FHU0liM0RRRUJBUVVBQTRJQkR3QXdnZ0VLCkFvSUJBUUM3OE51aUVId0xaYk9Ob0xiYmdYcGNyMHVQME5zRFkzMHFtdWk4M29rL1l6VnFqU1c5Vjd2Z2EzU1cKZXJOenhzQ0lLSlNZdUZHRW1odEwvUWY1QVdzbzJ2WjF1MjhxdjFZWE9SQzllM0VuY2hGcjA5Q2ltYlBNa0h6UgpPaGtsVW1BTnczY2JjcWVxWEI4Vm1QdWYrUUJ4M05iUmJWbElySFdoanJVZUhDNFdqZXNaRU5YWkY1OVNmZEFQCmRkZkJuemkxYjI3VTVkL1VBZjFJb20xTU9rZXFKS21RTVIxOERIZUZOYlRWcE1EUkF6d0t2UExuNHpKZFlCcmwKZGRMaGFWNkI0WnVkNnJrMkFOTDdQOXh3Q2V0MEI1UkVrNHRCOGZHelVINDRvRTB6bXF0MFdDbTVpWjRsN29scApubE5YL0Z1YkxsSVVzY1dWWVI5VE5VaG82eHhIQWdNQkFBR2pXVEJYTUE0R0ExVWREd0VCL3dRRUF3SUNwREFQCkJnTlZIUk1CQWY4RUJUQURBUUgvTUIwR0ExVWREZ1FXQkJRQ1VTdkdrMkt6djVyMExBRjJmSzZ6RGtQeW1qQVYKQmdOVkhSRUVEakFNZ2dwcmRXSmxjbTVsZEdWek1BMEdDU3FHU0liM0RRRUJDd1VBQTRJQkFRQWM4L2VxSmcrdgpaaGdYb0JvMEVteWpPUkVER2xtZURvdHlCRTM3cHNUbXh0dktUdjNsWU0yWTR5VnYwbjVnMHlTVmsrZDVrNWY3Clp0L2YrVU5JZXk3VTFWZldyZEUwdUpOVG5HelArT3cyKzE4Z0wzaFg3Nit3QWIzL0c4U2Vpd1FadGRHZ3Z3N1QKMnpYa3JFcGVIWDQ5OU9yVysrQW1NV1F4NEk1SSsyMFhaTlB3NGE4SFA2eHZ4endQZW14MEpzaytRWkEydjRkSgpNWFVLZklkMlA3ZktlQUhlMkRYNnpPWVJ6Y3dGcmM3UUZzR1lnRHZjNmltUjl4Zm00ZWNXY1Y0V0o3Zm05VkNHClUwNkNSejUvcmhIMFRqVW41ZjkyaS9GNHVQdDRUaitRR2dQcXBuZitpZ1BiZmNCREpJc0NWL241Q0RnclB2MEkKQllkMXB3NmN6bFEvCi0tLS0tRU5EIENFUlRJRklDQVRFLS0tLS0K"
              }
            ],
            "cluster_id": null,
            "compute_config": [],
            "created_at": "2025-02-13T21:14:50Z",
            "enabled_cluster_log_types": [
              "api",
              "audit",
              "authenticator",
              "controllerManager",
              "scheduler"
            ],
            "endpoint": "https://1A6DD6D74BB0F8F489B19D2CCEF9AA2D.gr7.us-east-1.eks.amazonaws.com",
            "id": "restaurante-cluster2",
            "identity": [
              {
                "oidc": [
                  {
                    "issuer": "https://oidc.eks.us-east-1.amazonaws.com/id/1A6DD6D74BB0F8F489B19D2CCEF9AA2D"
                  }
                ]
              }
            ],
            "kubernetes_network_config": [
              {
                "elastic_load_balancing": [
                  {
                    "enabled": false
                  }
                ],
                "ip_family": "ipv4",
                "service_ipv4_cidr": "10.100.0.0/16",
                "service_ipv6_cidr": ""
              }
            ],
            "name": "restaurante-cluster2",
            "outpost_config": [],
            "platform_version": "eks.19",
            "remote_network_config": [],
            "role_arn": "arn:aws:iam::717279688908:role/eks-node-role",
            "status": "ACTIVE",
            "storage_config": [],
            "tags": {},
            "upgrade_policy": [
              {
                "support_type": "EXTENDED"
              }
            ],
            "version": "1.31",
            "vpc_config": [
              {
                "cluster_security_group_id": "sg-04de9930fb1dde0ab",
                "endpoint_private_access": true,
                "endpoint_public_access": true,
                "public_access_cidrs": [
                  "0.0.0.0/0"
                ],
                "security_group_ids": [
                  "sg-0b0da2c239feb4336"
                ],
                "subnet_ids": [
                  "subnet-02e5a2960cbaf6259",
                  "subnet-0ba1d16a81898b46b"
                ],
                "vpc_id": "vpc-0bb3319f6293b884b"
              }
            ],
            "zonal_shift_config": []
          },
          "sensitive_attributes": []
        }
      ]
    },
    {
      "mode": "data",
      "type": "aws_eks_cluster_auth",
      "name": "default",
      "provider": "provider[\"registry.terraform.io/hashicorp/aws\"]",
      "instances": [
        {
          "schema_version": 0,
          "attributes": {
            "id": "restaurante-cluster2",
            "name": "restaurante-cluster2",
            "token": "k8s-aws-v1.aHR0cHM6Ly9zdHMudXMtZWFzdC0xLmFtYXpvbmF3cy5jb20vP0FjdGlvbj1HZXRDYWxsZXJJZGVudGl0eSZWZXJzaW9uPTIwMTEtMDYtMTUmWC1BbXotQWxnb3JpdGhtPUFXUzQtSE1BQy1TSEEyNTYmWC1BbXotQ3JlZGVudGlhbD1BS0lBMk9BSlRQREdLTUxDUjMyVCUyRjIwMjUwMjE0JTJGdXMtZWFzdC0xJTJGc3RzJTJGYXdzNF9yZXF1ZXN0JlgtQW16LURhdGU9MjAyNTAyMTRUMDAxNTMzWiZYLUFtei1FeHBpcmVzPTAmWC1BbXotU2lnbmVkSGVhZGVycz1ob3N0JTNCeC1rOHMtYXdzLWlkJlgtQW16LVNpZ25hdHVyZT05ZjBjMzUzNTZkMjQ2M2E3NmNkNTk5YjhlOTc4ZjZiNWM0MzFkODRmODM1MTRmNmExNzgzNDdiY2VmYzYwNWY4"
          },
          "sensitive_attributes": [
            [
              {
                "type": "get_attr",
                "value": "token"
              }
            ]
          ]
        }
      ]
    },
    {
      "mode": "data",
      "type": "kubernetes_secret",
      "name": "db_secret",
      "provider": "provider[\"registry.terraform.io/hashicorp/kubernetes\"]",
      "instances": [
        {
          "schema_version": 0,
          "attributes": {
            "binary_data": null,
            "data": {
              "mysql_database": "cmVzdGF1cmFudGVEQg==",
              "mysql_password": "cmVzdGF1cmFudGVfdXNlcl9wYXNz",
              "mysql_user": "cmVzdGF1cmFudGVfdXNlcg=="
            },
            "id": "default/db-secret",
            "immutable": false,
            "metadata": [
              {
                "annotations": {},
                "generate_name": "",
                "generation": 0,
                "labels": {},
                "name": "db-secret",
                "namespace": "default",
                "resource_version": "954",
                "uid": "c7dbf435-efca-488a-85c0-6fd17f4352a1"
              }
            ],
            "type": "Opaque"
          },
          "sensitive_attributes": [
            [
              {
                "type": "get_attr",
                "value": "data"
              }
            ],
            [
              {
                "type": "get_attr",
                "value": "binary_data"
              }
            ]
          ]
        }
      ]
    },
    {
      "mode": "data",
      "type": "kubernetes_service_account",
      "name": "rds_service_account",
      "provider": "provider[\"registry.terraform.io/hashicorp/kubernetes\"]",
      "instances": [
        {
          "schema_version": 0,
          "attributes": {
            "automount_service_account_token": true,
            "default_secret_name": "",
            "id": "default/rds-service-account",
            "image_pull_secret": [],
            "metadata": [
              {
                "annotations": {
                  "eks.amazonaws.com/role-arn": "arn:aws:iam::717279688908:role/rds-access-role"
                },
                "generation": 0,
                "labels": {},
                "name": "rds-service-account",
                "namespace": "default",
                "resource_version": "953",
                "uid": "5ae0aa3b-1c6c-437f-bb62-8d8d15bcf04e"
              }
            ],
            "secret": []
          },
          "sensitive_attributes": []
        }
      ]
    },
    {
      "mode": "data",
      "type": "terraform_remote_state",
      "name": "infra",
      "provider": "provider[\"terraform.io/builtin/terraform\"]",
      "instances": [
        {
          "schema_version": 0,
          "attributes": {
            "backend": "s3",
            "config": {
              "value": {
                "bucket": "terraform-state-restaurante",
                "key": "terraform.tfstate",
                "region": "us-east-1"
              },
              "type": [
                "object",
                {
                  "bucket": "string",
                  "key": "string",
                  "region": "string"
                }
              ]
            },
            "defaults": null,
            "outputs": {
              "value": {
                "cognito_temporary_password": "SenhaTemporaria123!",
                "cognito_user_pool_id": "us-east-1_mv5BitJHB",
                "cognito_username": "teste",
                "gateway_url": "https://3426w1lo54.execute-api.us-east-1.amazonaws.com/prod",
                "mysql_rds_endpoint": "restaurante-mysql.cvyga2i021ho.us-east-1.rds.amazonaws.com:3306",
                "pem": "-----BEGIN RSA PRIVATE KEY-----\nMIIEowIBAAKCAQEA4qz7e2Xv4QzfvMBVZuR9QsbxRWKzmrlfJQpTxW8Z/Y235C0z\nqyjKjHDK/ojYJz4qyMKHxRVVKwwK4wizf+CSPLy9MkJ69tHKZmD4KlajD3ocJTlV\nZTWexrmk/d16TYHbFX/pIPY9ag5Bm7VA72d5vZttJNBY1/giBQI4X6DyNWAtz1iN\n8H3m6b8/xt6Cu9NkovQV9jTOc0RqQkm/n1HyKJyGyUDpgo1Sa2gwVXvgSVYVshIz\nte0V4zvfrZfL4mVC5Ux2ByzPCSMQJeGQQ9D0KGriub5LeH+NKH0q1pKQpnIoVEP5\nFtFlpHmEvu8TmwD14p1jMVTgJNuvcL8pyBpa7wIDAQABAoIBAE2P9UlHGyq9tf0n\nLtHTU007N6mPWXeTAIxzGTEQkCsjiA3qrahef9hIbB1mg9gBvLAPaFe2sfrV1w/S\nlWEnXcKsrmx5NQwpwwD/I0uRc6BDH0hZcu/7xgWn1l4Ln+LPkUCtEP93YpJcqHR4\nM+z3Uj/f5BvZstzLihB+rv2B2/8I8gn72Xxjrw2465Fmkjs6iMVWInyGUKq7YkUa\n0fqvKtkVEEJ6vUnvuvu3AzOxCo3IZI7SneLRJQpa4m7lkRf3p+ZYE3Bn6Z8Y5VOB\nwFoTOHyvFAaq94YfVGNfS6mJHy6MWYS24mAbp47faEDpz/yHyx4SVvfKdg90s8Da\nVp9BHoECgYEA+kQQ5H7WwvJNCC3dWAhNEFgqvED+iKbw1dCo0ke54Yf1p/ja/zRP\njWRnYD0U2qozrCl9DmunUrYV/CqR0fUO2V3T6sQqKPlW+08UXjks1BiGder8yuKw\nSJyTTV3klurCAFZzhB3cfPJn2ya35W0aJFg8tFTrCaoa1em+ytZgUMECgYEA596M\nW2QlYhNS7E596WqaYwr5HcRooxlk6LirFhRaY/ur2AEHkOl2TT9UNNrVhj7sIzK4\n3n7gVZn8xXTYSkzD7QFbpD7Z2SLSTFaW50UVaNbOgovZBzMcK54l8j0dP7RdT47Z\nCmT2JUvURzKo2VU7T6QvAydsBRpK0a2nhwel568CgYAls7VbxuPxsHD8Z3Rt+6oo\naS/e9meiDIxBmdKlAxs0p7fRW0MaqTXG1jZgoDMREg0AxatKTduCMV40g/E90Q4w\nntr7BhxX2eBJscseurxPI3a2MvVsVyQ5fCUQxbFXLvyU8nEqmRkLVbVhpX6UuI/0\no7pZbGWQKikqyrDse8k8wQKBgFNXRpPC1zz9PRz6yX8QdhWLaCcu5X1aL08GsVfq\nUOMHHqkxFYscnwz86kNlNMJf83hjTteKOxAJnTVL3kI2fWW+yzWp8Zt+TKBrrynJ\nRvy72NZLdeKEmGeFHJaJKO4w4ikqaxC1YVPegZpltxMG856YoN09WjIrVSEwjbqX\nISa5AoGBAJNBfKfUjGEl1RZhS3DwWnqXn22yQX65eONTs2bWQUBmQt9WClzWzq6Q\niM1NvxvgBIEItPMXPYuGwFgedP9aLIsPZg81uv2O/x2U1mHuQNDRt1iopb+zcngB\nng58r4oVNdqYzLUniCXK5igsRsOro0CivPd470w15iDmsHR+fFn2\n-----END RSA PRIVATE KEY-----\n"
              },
              "type": [
                "object",
                {
                  "cognito_temporary_password": "string",
                  "cognito_user_pool_id": "string",
                  "cognito_username": "string",
                  "gateway_url": "string",
                  "mysql_rds_endpoint": "string",
                  "pem": "string"
                }
              ]
            },
            "workspace": null
          },
          "sensitive_attributes": []
        }
      ]
    },
    {
      "mode": "managed",
      "type": "kubernetes_deployment",
      "name": "restaurante-api",
      "provider": "provider[\"registry.terraform.io/hashicorp/kubernetes\"]",
      "instances": [
        {
          "schema_version": 1,
          "attributes": {
            "id": "default/restaurante",
            "metadata": [
              {
                "annotations": {},
                "generate_name": "",
                "generation": 5,
                "labels": {
                  "app": "restaurante"
                },
                "name": "restaurante",
                "namespace": "default",
                "resource_version": "30203",
                "uid": "7bc8e73d-f07a-48bb-a83f-34f1e34e70de"
              }
            ],
            "spec": [
              {
                "min_ready_seconds": 0,
                "paused": false,
                "progress_deadline_seconds": 600,
                "replicas": "1",
                "revision_history_limit": 10,
                "selector": [
                  {
                    "match_expressions": [],
                    "match_labels": {
                      "app": "restaurante"
                    }
                  }
                ],
                "strategy": [
                  {
                    "rolling_update": [
                      {
                        "max_surge": "25%",
                        "max_unavailable": "25%"
                      }
                    ],
                    "type": "RollingUpdate"
                  }
                ],
                "template": [
                  {
                    "metadata": [
                      {
                        "annotations": {},
                        "generate_name": "",
                        "generation": 0,
                        "labels": {
                          "app": "restaurante"
                        },
                        "name": "",
                        "namespace": "",
                        "resource_version": "",
                        "uid": ""
                      }
                    ],
                    "spec": [
                      {
                        "active_deadline_seconds": 0,
                        "affinity": [],
                        "automount_service_account_token": true,
                        "container": [
                          {
                            "args": [],
                            "command": [],
                            "env": [
                              {
                                "name": "MYSQL_DATABASE",
                                "value": "",
                                "value_from": [
                                  {
                                    "config_map_key_ref": [],
                                    "field_ref": [],
                                    "resource_field_ref": [],
                                    "secret_key_ref": [
                                      {
                                        "key": "mysql_database",
                                        "name": "db-secret",
                                        "optional": false
                                      }
                                    ]
                                  }
                                ]
                              },
                              {
                                "name": "MYSQL_USER",
                                "value": "",
                                "value_from": [
                                  {
                                    "config_map_key_ref": [],
                                    "field_ref": [],
                                    "resource_field_ref": [],
                                    "secret_key_ref": [
                                      {
                                        "key": "mysql_user",
                                        "name": "db-secret",
                                        "optional": false
                                      }
                                    ]
                                  }
                                ]
                              },
                              {
                                "name": "MYSQL_PASSWORD",
                                "value": "",
                                "value_from": [
                                  {
                                    "config_map_key_ref": [],
                                    "field_ref": [],
                                    "resource_field_ref": [],
                                    "secret_key_ref": [
                                      {
                                        "key": "mysql_password",
                                        "name": "db-secret",
                                        "optional": false
                                      }
                                    ]
                                  }
                                ]
                              },
                              {
                                "name": "RDS_ENDPOINT",
                                "value": "restaurante-mysql.cvyga2i021ho.us-east-1.rds.amazonaws.com:3306",
                                "value_from": []
                              }
                            ],
                            "env_from": [],
                            "image": "717279688908.dkr.ecr.us-east-1.amazonaws.com/repositorio:v14",
                            "image_pull_policy": "IfNotPresent",
                            "lifecycle": [],
                            "liveness_probe": [
                              {
                                "exec": [],
                                "failure_threshold": 3,
                                "grpc": [],
                                "http_get": [
                                  {
                                    "host": "",
                                    "http_header": [],
                                    "path": "/api/v1/actuator/health",
                                    "port": "8080",
                                    "scheme": "HTTP"
                                  }
                                ],
                                "initial_delay_seconds": 120,
                                "period_seconds": 10,
                                "success_threshold": 1,
                                "tcp_socket": [],
                                "timeout_seconds": 5
                              }
                            ],
                            "name": "restaurante",
                            "port": [
                              {
                                "container_port": 8080,
                                "host_ip": "",
                                "host_port": 0,
                                "name": "",
                                "protocol": "TCP"
                              }
                            ],
                            "readiness_probe": [],
                            "resources": [
                              {
                                "limits": {
                                  "cpu": "1",
                                  "memory": "1Gi"
                                },
                                "requests": {
                                  "cpu": "500m",
                                  "memory": "250Mi"
                                }
                              }
                            ],
                            "security_context": [],
                            "startup_probe": [],
                            "stdin": false,
                            "stdin_once": false,
                            "termination_message_path": "/dev/termination-log",
                            "termination_message_policy": "File",
                            "tty": false,
                            "volume_device": [],
                            "volume_mount": [],
                            "working_dir": ""
                          }
                        ],
                        "dns_config": [],
                        "dns_policy": "ClusterFirst",
                        "enable_service_links": true,
                        "host_aliases": [],
                        "host_ipc": false,
                        "host_network": false,
                        "host_pid": false,
                        "hostname": "",
                        "image_pull_secrets": [],
                        "init_container": [],
                        "node_name": "",
                        "node_selector": {},
                        "os": [],
                        "priority_class_name": "",
                        "readiness_gate": [],
                        "restart_policy": "Always",
                        "runtime_class_name": "",
                        "scheduler_name": "default-scheduler",
                        "security_context": [],
                        "service_account_name": "rds-service-account",
                        "share_process_namespace": false,
                        "subdomain": "",
                        "termination_grace_period_seconds": 30,
                        "toleration": [],
                        "topology_spread_constraint": [],
                        "volume": []
                      }
                    ]
                  }
                ]
              }
            ],
            "timeouts": null,
            "wait_for_rollout": true
          },
          "sensitive_attributes": [],
          "private": "eyJlMmJmYjczMC1lY2FhLTExZTYtOGY4OC0zNDM2M2JjN2M0YzAiOnsiY3JlYXRlIjo2MDAwMDAwMDAwMDAsImRlbGV0ZSI6NjAwMDAwMDAwMDAwLCJ1cGRhdGUiOjYwMDAwMDAwMDAwMH0sInNjaGVtYV92ZXJzaW9uIjoiMSJ9",
          "dependencies": [
            "data.aws_eks_cluster.default",
            "data.aws_eks_cluster_auth.default",
            "data.kubernetes_secret.db_secret",
            "data.kubernetes_service_account.rds_service_account",
            "data.terraform_remote_state.infra"
          ]
        }
      ]
    },
    {
      "mode": "managed",
      "type": "kubernetes_horizontal_pod_autoscaler",
      "name": "restaurante-api_hpa",
      "provider": "provider[\"registry.terraform.io/hashicorp/kubernetes\"]",
      "instances": [
        {
          "schema_version": 0,
          "attributes": {
            "id": "default/restaurante-hpa",
            "metadata": [
              {
                "annotations": {},
                "generate_name": "",
                "generation": 0,
                "labels": {},
                "name": "restaurante-hpa",
                "namespace": "default",
                "resource_version": "25159",
                "uid": "07293a3e-08df-42ab-b89d-ef4cc6c9965d"
              }
            ],
            "spec": [
              {
                "behavior": [],
                "max_replicas": 4,
                "metric": [],
                "min_replicas": 2,
                "scale_target_ref": [
                  {
                    "api_version": "apps/v1",
                    "kind": "Deployment",
                    "name": "restaurante"
                  }
                ],
                "target_cpu_utilization_percentage": 70
              }
            ]
          },
          "sensitive_attributes": [],
          "private": "bnVsbA==",
          "dependencies": [
            "data.aws_eks_cluster.default",
            "data.aws_eks_cluster_auth.default",
            "data.kubernetes_secret.db_secret",
            "data.kubernetes_service_account.rds_service_account",
            "data.terraform_remote_state.infra",
            "kubernetes_deployment.restaurante-api"
          ]
        }
      ]
    },
    {
      "mode": "managed",
      "type": "kubernetes_service",
      "name": "restaurante-api_service",
      "provider": "provider[\"registry.terraform.io/hashicorp/kubernetes\"]",
      "instances": [
        {
          "schema_version": 1,
          "attributes": {
            "id": "default/restaurante-service",
            "metadata": [
              {
                "annotations": {},
                "generate_name": "",
                "generation": 0,
                "labels": {},
                "name": "restaurante-service",
                "namespace": "default",
                "resource_version": "11337",
                "uid": "1fbe6e42-9a75-4f0a-a475-f080678c88e4"
              }
            ],
            "spec": [
              {
                "allocate_load_balancer_node_ports": true,
                "cluster_ip": "10.100.50.53",
                "cluster_ips": [
                  "10.100.50.53"
                ],
                "external_ips": [],
                "external_name": "",
                "external_traffic_policy": "Cluster",
                "health_check_node_port": 0,
                "internal_traffic_policy": "Cluster",
                "ip_families": [
                  "IPv4"
                ],
                "ip_family_policy": "SingleStack",
                "load_balancer_class": "",
                "load_balancer_ip": "",
                "load_balancer_source_ranges": [],
                "port": [
                  {
                    "app_protocol": "",
                    "name": "",
                    "node_port": 32631,
                    "port": 80,
                    "protocol": "TCP",
                    "target_port": "8080"
                  }
                ],
                "publish_not_ready_addresses": false,
                "selector": {
                  "app": "restaurante"
                },
                "session_affinity": "None",
                "session_affinity_config": [],
                "type": "LoadBalancer"
              }
            ],
            "status": [
              {
                "load_balancer": [
                  {
                    "ingress": [
                      {
                        "hostname": "a1fbe6e429a754f0aa475f080678c88e-386878147.us-east-1.elb.amazonaws.com",
                        "ip": ""
                      }
                    ]
                  }
                ]
              }
            ],
            "timeouts": null,
            "wait_for_load_balancer": true
          },
          "sensitive_attributes": [],
          "private": "eyJlMmJmYjczMC1lY2FhLTExZTYtOGY4OC0zNDM2M2JjN2M0YzAiOnsiY3JlYXRlIjo2MDAwMDAwMDAwMDB9LCJzY2hlbWFfdmVyc2lvbiI6IjEifQ==",
          "dependencies": [
            "data.aws_eks_cluster.default",
            "data.aws_eks_cluster_auth.default",
            "data.kubernetes_secret.db_secret",
            "data.kubernetes_service_account.rds_service_account",
            "data.terraform_remote_state.infra",
            "kubernetes_deployment.restaurante-api"
          ]
        }
      ]
    }
  ],
  "check_results": null
}
