{
  "version": 4,
  "terraform_version": "1.10.5",
  "serial": 25,
  "lineage": "42b7aae5-78cc-6176-052d-44c2d62f9cdd",
  "outputs": {
    "URL": {
      "value": "a2c6af76fe7054ae6895b51cb20fed1d-998864251.us-east-1.elb.amazonaws.com",
      "type": "string"
    }
  },
  "resources": [
    {
      "mode": "data",
      "type": "aws_eks_cluster",
      "name": "default",
      "provider": "provider[\"registry.terraform.io/hashicorp/aws\"]",
      "instances": [
        {
          "schema_version": 0,
          "attributes": {
            "access_config": [
              {
                "authentication_mode": "CONFIG_MAP",
                "bootstrap_cluster_creator_admin_permissions": true
              }
            ],
            "arn": "arn:aws:eks:us-east-1:717279688908:cluster/restaurante-cluster2",
            "certificate_authority": [
              {
                "data": "LS0tLS1CRUdJTiBDRVJUSUZJQ0FURS0tLS0tCk1JSURCVENDQWUyZ0F3SUJBZ0lJZjNhOCt4WDFpcmd3RFFZSktvWklodmNOQVFFTEJRQXdGVEVUTUJFR0ExVUUKQXhNS2EzVmlaWEp1WlhSbGN6QWVGdzB5TlRBeU1UVXhPRE16TWpoYUZ3MHpOVEF5TVRNeE9ETTRNamhhTUJVeApFekFSQmdOVkJBTVRDbXQxWW1WeWJtVjBaWE13Z2dFaU1BMEdDU3FHU0liM0RRRUJBUVVBQTRJQkR3QXdnZ0VLCkFvSUJBUURDOU1jNy9KODE0YzRKK2RZUlpBL0hJcGFNM1lOUE9JV09pUzN3bkl0WXB4OXNpZ0xHWisrdFRpZ1IKdlZsc1JpZDdNY09BNG5pbFNFZHRDMDNGMGJJWng3TU0zbjN6bEFaK0h3Ykx3U2hpQmc2SlE4OGJkZDA1cWpQcAorVzUzb1lidkZUdXVQSjY0aEx0eTVIOGlsZUJtOC9KTEI0VGU2QzlJNnhhUVN2SWJxUS9pNzVNNDJSTkh6TUNuCkJtWVdpWG9IeXYrdE16Rk11RkgremVHRkdvQzNVdVNNMUhwNEhzaTdJTGx1ZzE5cmI4MUlmbHdxSldYOC80emwKMVRTOWQxNXZlOEd1N09aS25icUFudUNIRUpVTU1GS2dScW9pQzcwczZveURCdlYwV1paN1lybGk3bWZPcFlWVgpZN0tBemNOcDR4TWVCRlVTcmw0M2poclhnQ2xUQWdNQkFBR2pXVEJYTUE0R0ExVWREd0VCL3dRRUF3SUNwREFQCkJnTlZIUk1CQWY4RUJUQURBUUgvTUIwR0ExVWREZ1FXQkJRMjlXb0Y0ZWU2NjJyNS92Wk9aUW5LSGFWeHZEQVYKQmdOVkhSRUVEakFNZ2dwcmRXSmxjbTVsZEdWek1BMEdDU3FHU0liM0RRRUJDd1VBQTRJQkFRRENXQytBTERFcQpPWW0xN3pVL2hLMXcxYWZPLzg3MzdxS1l3Smx3SWRyZ2VNTlhGbHk1RmJucm5CQ1FHbzFYZVBDZnpxWmhmSmMvCmhaa2RoUUdqQ1cyWVpPaVRObmxoQ0k3NklqbS9JN3ZZSnROK3Vkcytwcko4c2I4Smk1WDF1MW9nbGpYeW5GcDQKYndxU01QV2lhNE5mSE1xTU1HbXpsVzNHVEp6NHJHYlZQZHhPZDl0Q3JDU1N5S2c3dTFxODM5aWFkaW9VSXA2YwpHMDAvZ21DY1ducFJOaVphSFVlWE9KVTB0Z2FUODJ3TGlBdUJOQXBzQ1ZmcmhIYkVZaERtWkt2NWlUV1pmYkt1CnBkZmZ1TDhtNDgwVG5BQVVvMW8zalUvdkZpZ1lCd0QwdG9wRmQ5R1FGRTNDREtWN1haN0Z2TVB4NG9xZDhDVkkKVEtiS1pBWFBKLzBYCi0tLS0tRU5EIENFUlRJRklDQVRFLS0tLS0K"
              }
            ],
            "cluster_id": null,
            "compute_config": [],
            "created_at": "2025-02-15T18:33:40Z",
            "enabled_cluster_log_types": [
              "api",
              "audit",
              "authenticator",
              "controllerManager",
              "scheduler"
            ],
            "endpoint": "https://91CFCE474D176DF79D3E0C100E19D985.gr7.us-east-1.eks.amazonaws.com",
            "id": "restaurante-cluster2",
            "identity": [
              {
                "oidc": [
                  {
                    "issuer": "https://oidc.eks.us-east-1.amazonaws.com/id/91CFCE474D176DF79D3E0C100E19D985"
                  }
                ]
              }
            ],
            "kubernetes_network_config": [
              {
                "elastic_load_balancing": [
                  {
                    "enabled": false
                  }
                ],
                "ip_family": "ipv4",
                "service_ipv4_cidr": "10.100.0.0/16",
                "service_ipv6_cidr": ""
              }
            ],
            "name": "restaurante-cluster2",
            "outpost_config": [],
            "platform_version": "eks.19",
            "remote_network_config": [],
            "role_arn": "arn:aws:iam::717279688908:role/eks-node-role",
            "status": "ACTIVE",
            "storage_config": [],
            "tags": {},
            "upgrade_policy": [
              {
                "support_type": "EXTENDED"
              }
            ],
            "version": "1.31",
            "vpc_config": [
              {
                "cluster_security_group_id": "sg-0ffeee639d224d0e5",
                "endpoint_private_access": true,
                "endpoint_public_access": true,
                "public_access_cidrs": [
                  "0.0.0.0/0"
                ],
                "security_group_ids": [
                  "sg-0d1d5bc86921f210a"
                ],
                "subnet_ids": [
                  "subnet-02e5a2960cbaf6259",
                  "subnet-0ba1d16a81898b46b"
                ],
                "vpc_id": "vpc-0bb3319f6293b884b"
              }
            ],
            "zonal_shift_config": []
          },
          "sensitive_attributes": []
        }
      ]
    },
    {
      "mode": "data",
      "type": "aws_eks_cluster_auth",
      "name": "default",
      "provider": "provider[\"registry.terraform.io/hashicorp/aws\"]",
      "instances": [
        {
          "schema_version": 0,
          "attributes": {
            "id": "restaurante-cluster2",
            "name": "restaurante-cluster2",
            "token": "k8s-aws-v1.aHR0cHM6Ly9zdHMudXMtZWFzdC0xLmFtYXpvbmF3cy5jb20vP0FjdGlvbj1HZXRDYWxsZXJJZGVudGl0eSZWZXJzaW9uPTIwMTEtMDYtMTUmWC1BbXotQWxnb3JpdGhtPUFXUzQtSE1BQy1TSEEyNTYmWC1BbXotQ3JlZGVudGlhbD1BS0lBMk9BSlRQREdLTUxDUjMyVCUyRjIwMjUwMjE1JTJGdXMtZWFzdC0xJTJGc3RzJTJGYXdzNF9yZXF1ZXN0JlgtQW16LURhdGU9MjAyNTAyMTVUMTg1MTM0WiZYLUFtei1FeHBpcmVzPTAmWC1BbXotU2lnbmVkSGVhZGVycz1ob3N0JTNCeC1rOHMtYXdzLWlkJlgtQW16LVNpZ25hdHVyZT1iYjNlOGFiOGQ5MGNiNzYzZWFhNmU4ZjVmMGY5ZDc5NTYyYzY3NDM4ZjRiYTJiZWI0ZWRiYjQzZmM3MDUyYmQw"
          },
          "sensitive_attributes": [
            [
              {
                "type": "get_attr",
                "value": "token"
              }
            ]
          ]
        }
      ]
    },
    {
      "mode": "data",
      "type": "kubernetes_secret",
      "name": "db_secret",
      "provider": "provider[\"registry.terraform.io/hashicorp/kubernetes\"]",
      "instances": [
        {
          "schema_version": 0,
          "attributes": {
            "binary_data": null,
            "data": {
              "mysql_database": "cmVzdGF1cmFudGVEQg==",
              "mysql_password": "cmVzdGF1cmFudGVfdXNlcl9wYXNz",
              "mysql_user": "cmVzdGF1cmFudGVfdXNlcg=="
            },
            "id": "default/db-secret",
            "immutable": false,
            "metadata": [
              {
                "annotations": {},
                "generate_name": "",
                "generation": 0,
                "labels": {},
                "name": "db-secret",
                "namespace": "default",
                "resource_version": "951",
                "uid": "0bc39d81-59f8-4231-91f6-63d926c03a85"
              }
            ],
            "type": "Opaque"
          },
          "sensitive_attributes": [
            [
              {
                "type": "get_attr",
                "value": "binary_data"
              }
            ],
            [
              {
                "type": "get_attr",
                "value": "data"
              }
            ]
          ]
        }
      ]
    },
    {
      "mode": "data",
      "type": "kubernetes_service_account",
      "name": "rds_service_account",
      "provider": "provider[\"registry.terraform.io/hashicorp/kubernetes\"]",
      "instances": [
        {
          "schema_version": 0,
          "attributes": {
            "automount_service_account_token": true,
            "default_secret_name": "",
            "id": "default/rds-service-account",
            "image_pull_secret": [],
            "metadata": [
              {
                "annotations": {
                  "eks.amazonaws.com/role-arn": "arn:aws:iam::717279688908:role/rds-access-role"
                },
                "generation": 0,
                "labels": {},
                "name": "rds-service-account",
                "namespace": "default",
                "resource_version": "950",
                "uid": "3abc3c49-0790-4e78-894b-381b80310321"
              }
            ],
            "secret": []
          },
          "sensitive_attributes": []
        }
      ]
    },
    {
      "mode": "data",
      "type": "terraform_remote_state",
      "name": "infra",
      "provider": "provider[\"terraform.io/builtin/terraform\"]",
      "instances": [
        {
          "schema_version": 0,
          "attributes": {
            "backend": "s3",
            "config": {
              "value": {
                "bucket": "terraform-state-restaurante",
                "key": "terraform.tfstate",
                "region": "us-east-1"
              },
              "type": [
                "object",
                {
                  "bucket": "string",
                  "key": "string",
                  "region": "string"
                }
              ]
            },
            "defaults": null,
            "outputs": {
              "value": {
                "cognito_temporary_password": "SenhaTemporaria123!",
                "cognito_user_pool_id": "us-east-1_5uBk8ndsk",
                "cognito_username": "teste",
                "gateway_url": "https://h7e31knrck.execute-api.us-east-1.amazonaws.com/prod",
                "mysql_rds_endpoint": "restaurante-mysql.cvyga2i021ho.us-east-1.rds.amazonaws.com:3306",
                "pem": "-----BEGIN RSA PRIVATE KEY-----\nMIIEowIBAAKCAQEA0+v9O6q7tVmQEv7GwEu+IddqQdMOhgivUXcTuZUibQiB0Q0F\nnzgJkIkoGUN2xBNeQTjGJA2CviRRdtrjlDWUwFP1Hpd3JvPGmLvLmlbKdHiKabna\nTUySd/KcoZoXK+pe2CcWfxmLYcuxX+ko71UwlEz0wd6C994PffD2UI0rcEmkbzkt\n8g15iJv/snzbwXLhqTKfg2TFJXZrHTKrWvKQv85lHGAlTkXPF+4aLmZM2GeKiH5i\nv3hf6OezFcogeMj9qsEiNRLMExIi9TwdJCCB9VhcVnczaQapomXnrGWqtOucqDR1\n7BZcpiGqsuQetabrbJR98ywp7i7+3BtreYcOVQIDAQABAoIBADS6OK2J015RxGkV\nfvoFXm8pG8T48Fok+wn36K56DrC2NyZ+aPGujaKqnZF7mac7cm4j5BjAS9FnU+WQ\nnKMZmcMooIpWAU1txfHmd8gU5BaKj1Wy6j/lV2QEtzf2EOHaVHLPdud0wZs5hQ5q\nAsdZmNatNxCtfkSRuaUKOR7doPs0w1iDly42dWdOfPityrLRz+7aVpzgFfX8YCEM\nM6cgnaIyrmQkQyRTHpEf2pzdYBwrQiw6LkcXh/TWgETNra16p7W0cj4fun9WhiUz\nM82gUhaNyifc/KWI1IywBcAgIGFdRb0Enn7NK/5fSPGmIVdwz78iom4UiF4+XO7b\ngCn5xsECgYEA2ziLxqNsJ4AT/Ljui814aP05X5MQzxNOXYaNeYvwYtqiuLUuqr+T\nr3eamDgUIVZS4TsmX+ozKcko3bSPO0/HCmoIpqkUOLG/KTUkgOq3fiIytPgSj/rg\nyQKUp5s6ud7jE9o43lTEQ3lnKUyMhgKm5c3kljQOGQZA+b5xKcljkskCgYEA93nz\npiP+zX/x+wMu/kX8X/s4v3blK7M7BD2PTFIAwR1W3rExDOa0VsKLh0nwIB4FPSOT\nsY0eCjC5srG9OhPe27qcaYvGbHWfoT1S2GdwnjvVux/b2q9ngERPcBsfkPM1eyw0\n/4BHWOQ1AW6la5W7vacwvoH/uiMTLbI9mSzbuS0CgYADiEW4TanQeR/ZUqGFXyox\nhuMFxzjeHVGF8EUXUEnvTdaRY1n9Jlka2rKDAWRRpTJwrqNPqFZqtfMSn3YvXnm2\nkT7ScKcCwtpxr4mHCkEqpyJqCBVEfKZilsgOa1Hm7NB74WhJLNR8wdgHslQRVLmb\nulWUlgIkJRWm8IqiQbx5AQKBgQCpJPAT+Pw5hp5kWuuunTT+gR1rN58w/CJ1JoIf\nvtiHJT9vm5oT4EcYGYX2JOH7galA/WT/8Jy8iEsTyIm1/UjP077+IKuxC7/cG6bZ\nA/IkJG9To1XIJSTPtWC6Fb/AeYpvMmrSyuF47xkPbomfe8rCuFgHjaC0ny6HiBCz\n9cYDzQKBgAjnKDGLFar7BH5G/h3LMS/ibFCpxpQnGAGaWVc9koxuu6kTWjZLwTlW\n7BKMIRmWbuWJsw6gx0QAnoLoPZW7aCz8BEws+ZdsuK478kzU2ORPAkfInlxBB6cy\nUrqed3A9jljnDvOPgieXocLQeu531aDELyF/43qebETn08120jW4\n-----END RSA PRIVATE KEY-----\n"
              },
              "type": [
                "object",
                {
                  "cognito_temporary_password": "string",
                  "cognito_user_pool_id": "string",
                  "cognito_username": "string",
                  "gateway_url": "string",
                  "mysql_rds_endpoint": "string",
                  "pem": "string"
                }
              ]
            },
            "workspace": null
          },
          "sensitive_attributes": []
        }
      ]
    },
    {
      "mode": "managed",
      "type": "kubernetes_deployment",
      "name": "restaurante-api",
      "provider": "provider[\"registry.terraform.io/hashicorp/kubernetes\"]",
      "instances": [
        {
          "schema_version": 1,
          "attributes": {
            "id": "default/restaurante",
            "metadata": [
              {
                "annotations": null,
                "generate_name": "",
                "generation": 1,
                "labels": {
                  "app": "restaurante"
                },
                "name": "restaurante",
                "namespace": "default",
                "resource_version": "2793",
                "uid": "b05220a3-a951-4a5f-8bad-30096e801676"
              }
            ],
            "spec": [
              {
                "min_ready_seconds": 0,
                "paused": false,
                "progress_deadline_seconds": 600,
                "replicas": "1",
                "revision_history_limit": 10,
                "selector": [
                  {
                    "match_expressions": [],
                    "match_labels": {
                      "app": "restaurante"
                    }
                  }
                ],
                "strategy": [
                  {
                    "rolling_update": [
                      {
                        "max_surge": "25%",
                        "max_unavailable": "25%"
                      }
                    ],
                    "type": "RollingUpdate"
                  }
                ],
                "template": [
                  {
                    "metadata": [
                      {
                        "annotations": null,
                        "generate_name": "",
                        "generation": 0,
                        "labels": {
                          "app": "restaurante"
                        },
                        "name": "",
                        "namespace": "",
                        "resource_version": "",
                        "uid": ""
                      }
                    ],
                    "spec": [
                      {
                        "active_deadline_seconds": 0,
                        "affinity": [],
                        "automount_service_account_token": true,
                        "container": [
                          {
                            "args": null,
                            "command": null,
                            "env": [
                              {
                                "name": "MYSQL_DATABASE",
                                "value": "",
                                "value_from": [
                                  {
                                    "config_map_key_ref": [],
                                    "field_ref": [],
                                    "resource_field_ref": [],
                                    "secret_key_ref": [
                                      {
                                        "key": "mysql_database",
                                        "name": "db-secret",
                                        "optional": false
                                      }
                                    ]
                                  }
                                ]
                              },
                              {
                                "name": "MYSQL_USER",
                                "value": "",
                                "value_from": [
                                  {
                                    "config_map_key_ref": [],
                                    "field_ref": [],
                                    "resource_field_ref": [],
                                    "secret_key_ref": [
                                      {
                                        "key": "mysql_user",
                                        "name": "db-secret",
                                        "optional": false
                                      }
                                    ]
                                  }
                                ]
                              },
                              {
                                "name": "MYSQL_PASSWORD",
                                "value": "",
                                "value_from": [
                                  {
                                    "config_map_key_ref": [],
                                    "field_ref": [],
                                    "resource_field_ref": [],
                                    "secret_key_ref": [
                                      {
                                        "key": "mysql_password",
                                        "name": "db-secret",
                                        "optional": false
                                      }
                                    ]
                                  }
                                ]
                              },
                              {
                                "name": "RDS_ENDPOINT",
                                "value": "restaurante-mysql.cvyga2i021ho.us-east-1.rds.amazonaws.com:3306",
                                "value_from": []
                              }
                            ],
                            "env_from": [],
                            "image": "717279688908.dkr.ecr.us-east-1.amazonaws.com/repositorio:v16",
                            "image_pull_policy": "IfNotPresent",
                            "lifecycle": [],
                            "liveness_probe": [
                              {
                                "exec": [],
                                "failure_threshold": 3,
                                "grpc": [],
                                "http_get": [
                                  {
                                    "host": "",
                                    "http_header": [],
                                    "path": "/api/v1/actuator/health",
                                    "port": "8080",
                                    "scheme": "HTTP"
                                  }
                                ],
                                "initial_delay_seconds": 120,
                                "period_seconds": 10,
                                "success_threshold": 1,
                                "tcp_socket": [],
                                "timeout_seconds": 5
                              }
                            ],
                            "name": "restaurante",
                            "port": [
                              {
                                "container_port": 8080,
                                "host_ip": "",
                                "host_port": 0,
                                "name": "",
                                "protocol": "TCP"
                              }
                            ],
                            "readiness_probe": [],
                            "resources": [
                              {
                                "limits": {
                                  "cpu": "1",
                                  "memory": "1Gi"
                                },
                                "requests": {
                                  "cpu": "500m",
                                  "memory": "250Mi"
                                }
                              }
                            ],
                            "security_context": [],
                            "startup_probe": [],
                            "stdin": false,
                            "stdin_once": false,
                            "termination_message_path": "/dev/termination-log",
                            "termination_message_policy": "File",
                            "tty": false,
                            "volume_device": [],
                            "volume_mount": [],
                            "working_dir": ""
                          }
                        ],
                        "dns_config": [],
                        "dns_policy": "ClusterFirst",
                        "enable_service_links": true,
                        "host_aliases": [],
                        "host_ipc": false,
                        "host_network": false,
                        "host_pid": false,
                        "hostname": "",
                        "image_pull_secrets": [],
                        "init_container": [],
                        "node_name": "",
                        "node_selector": null,
                        "os": [],
                        "priority_class_name": "",
                        "readiness_gate": [],
                        "restart_policy": "Always",
                        "runtime_class_name": "",
                        "scheduler_name": "default-scheduler",
                        "security_context": [],
                        "service_account_name": "rds-service-account",
                        "share_process_namespace": false,
                        "subdomain": "",
                        "termination_grace_period_seconds": 30,
                        "toleration": [],
                        "topology_spread_constraint": [],
                        "volume": []
                      }
                    ]
                  }
                ]
              }
            ],
            "timeouts": null,
            "wait_for_rollout": true
          },
          "sensitive_attributes": [],
          "private": "eyJlMmJmYjczMC1lY2FhLTExZTYtOGY4OC0zNDM2M2JjN2M0YzAiOnsiY3JlYXRlIjo2MDAwMDAwMDAwMDAsImRlbGV0ZSI6NjAwMDAwMDAwMDAwLCJ1cGRhdGUiOjYwMDAwMDAwMDAwMH0sInNjaGVtYV92ZXJzaW9uIjoiMSJ9",
          "dependencies": [
            "data.aws_eks_cluster.default",
            "data.aws_eks_cluster_auth.default",
            "data.kubernetes_secret.db_secret",
            "data.kubernetes_service_account.rds_service_account",
            "data.terraform_remote_state.infra"
          ]
        }
      ]
    },
    {
      "mode": "managed",
      "type": "kubernetes_horizontal_pod_autoscaler",
      "name": "restaurante-api_hpa",
      "provider": "provider[\"registry.terraform.io/hashicorp/kubernetes\"]",
      "instances": [
        {
          "schema_version": 0,
          "attributes": {
            "id": "default/restaurante-hpa",
            "metadata": [
              {
                "annotations": null,
                "generate_name": "",
                "generation": 0,
                "labels": null,
                "name": "restaurante-hpa",
                "namespace": "default",
                "resource_version": "2800",
                "uid": "fa1fe0f2-434c-4b93-84e8-1f50fc76e226"
              }
            ],
            "spec": [
              {
                "behavior": [],
                "max_replicas": 4,
                "metric": [],
                "min_replicas": 2,
                "scale_target_ref": [
                  {
                    "api_version": "apps/v1",
                    "kind": "Deployment",
                    "name": "restaurante"
                  }
                ],
                "target_cpu_utilization_percentage": 70
              }
            ]
          },
          "sensitive_attributes": [],
          "private": "bnVsbA==",
          "dependencies": [
            "data.aws_eks_cluster.default",
            "data.aws_eks_cluster_auth.default",
            "data.kubernetes_secret.db_secret",
            "data.kubernetes_service_account.rds_service_account",
            "data.terraform_remote_state.infra",
            "kubernetes_deployment.restaurante-api"
          ]
        }
      ]
    },
    {
      "mode": "managed",
      "type": "kubernetes_service",
      "name": "restaurante-api_service",
      "provider": "provider[\"registry.terraform.io/hashicorp/kubernetes\"]",
      "instances": [
        {
          "schema_version": 1,
          "attributes": {
            "id": "default/restaurante-service",
            "metadata": [
              {
                "annotations": null,
                "generate_name": "",
                "generation": 0,
                "labels": null,
                "name": "restaurante-service",
                "namespace": "default",
                "resource_version": "2819",
                "uid": "2c6af76f-e705-4ae6-895b-51cb20fed1d0"
              }
            ],
            "spec": [
              {
                "allocate_load_balancer_node_ports": true,
                "cluster_ip": "10.100.188.113",
                "cluster_ips": [
                  "10.100.188.113"
                ],
                "external_ips": null,
                "external_name": "",
                "external_traffic_policy": "Cluster",
                "health_check_node_port": 0,
                "internal_traffic_policy": "Cluster",
                "ip_families": [
                  "IPv4"
                ],
                "ip_family_policy": "SingleStack",
                "load_balancer_class": "",
                "load_balancer_ip": "",
                "load_balancer_source_ranges": null,
                "port": [
                  {
                    "app_protocol": "",
                    "name": "",
                    "node_port": 31763,
                    "port": 80,
                    "protocol": "TCP",
                    "target_port": "8080"
                  }
                ],
                "publish_not_ready_addresses": false,
                "selector": {
                  "app": "restaurante"
                },
                "session_affinity": "None",
                "session_affinity_config": [],
                "type": "LoadBalancer"
              }
            ],
            "status": [
              {
                "load_balancer": [
                  {
                    "ingress": [
                      {
                        "hostname": "a2c6af76fe7054ae6895b51cb20fed1d-998864251.us-east-1.elb.amazonaws.com",
                        "ip": ""
                      }
                    ]
                  }
                ]
              }
            ],
            "timeouts": null,
            "wait_for_load_balancer": true
          },
          "sensitive_attributes": [],
          "private": "eyJlMmJmYjczMC1lY2FhLTExZTYtOGY4OC0zNDM2M2JjN2M0YzAiOnsiY3JlYXRlIjo2MDAwMDAwMDAwMDB9LCJzY2hlbWFfdmVyc2lvbiI6IjEifQ==",
          "dependencies": [
            "data.aws_eks_cluster.default",
            "data.aws_eks_cluster_auth.default",
            "data.kubernetes_secret.db_secret",
            "data.kubernetes_service_account.rds_service_account",
            "data.terraform_remote_state.infra",
            "kubernetes_deployment.restaurante-api"
          ]
        }
      ]
    }
  ],
  "check_results": null
}
